
Microsoft Visual Studio Solution File, Format Version 12.00
# Visual Studio 14
VisualStudioVersion = 14.0.23107.0
MinimumVisualStudioVersion = 10.0.40219.1
Project("{8BC9CEB8-8B4A-11D0-8D11-00A0C91BC942}") = "InjectDll32", "InjectDll\InjectDll32.vcxproj", "{38E74B66-725D-4176-9B48-94CBF7606EB7}"
EndProject
Project("{8BC9CEB8-8B4A-11D0-8D11-00A0C91BC942}") = "InjectDll64", "InjectDll\InjectDll64.vcxproj", "{A7831CDB-658F-40E4-8F84-0BAC56537DD4}"
EndProject
Project("{8BC9CEB8-8B4A-11D0-8D11-00A0C91BC942}") = "VDMHelper32", "VDMHelper\VDMHelper32.vcxproj", "{8C6FB699-291B-4084-B095-B3F6C6C07FFF}"
EndProject
Project("{8BC9CEB8-8B4A-11D0-8D11-00A0C91BC942}") = "VDMHelper64", "VDMHelper\VDMHelper64.vcxproj", "{2C96CC12-7DAF-42F2-9689-51181EFBA7A5}"
EndProject
Project("{8BC9CEB8-8B4A-11D0-8D11-00A0C91BC942}") = "VDMHelperCLR32", "VDMHelperCLR\VDMHelperCLR32.vcxproj", "{FEADD64F-60B8-4A91-BF82-AA9ACB13AFCC}"
EndProject
Project("{8BC9CEB8-8B4A-11D0-8D11-00A0C91BC942}") = "VDMHelperCLR64", "VDMHelperCLR\VDMHelperCLR64.vcxproj", "{8F914BB3-4B02-404E-B454-2B6FD868286A}"
EndProject
Project("{FAE04EC0-301F-11D3-BF4B-00C04F79EFBC}") = "VDMHelperCLR.Common", "VDMHelperCLR.Common\VDMHelperCLR.Common.csproj", "{48DB157F-1959-406B-9967-0188158AE2B1}"
EndProject
Project("{2150E333-8FDC-42A3-9474-1A3956D46DE8}") = "VDMHelper", "VDMHelper", "{01C91269-4A6A-40D2-A48B-D112B2441980}"
EndProject
Project("{2150E333-8FDC-42A3-9474-1A3956D46DE8}") = "VDMHelperCLR", "VDMHelperCLR", "{50D2C258-C7D9-4D30-926D-B3E3AC94408C}"
EndProject
Project("{2150E333-8FDC-42A3-9474-1A3956D46DE8}") = "InjecDll", "InjecDll", "{0503305A-C9C0-4CCC-8C4D-B52C0FB54014}"
EndProject
Global
	GlobalSection(SolutionConfigurationPlatforms) = preSolution
		Debug|Any CPU = Debug|Any CPU
		Debug|x64 = Debug|x64
		Debug|x86 = Debug|x86
		Release|Any CPU = Release|Any CPU
		Release|x64 = Release|x64
		Release|x86 = Release|x86
	EndGlobalSection
	GlobalSection(ProjectConfigurationPlatforms) = postSolution
		{38E74B66-725D-4176-9B48-94CBF7606EB7}.Debug|Any CPU.ActiveCfg = Debug|Win32
		{38E74B66-725D-4176-9B48-94CBF7606EB7}.Debug|x64.ActiveCfg = Debug|Win32
		{38E74B66-725D-4176-9B48-94CBF7606EB7}.Debug|x64.Build.0 = Debug|Win32
		{38E74B66-725D-4176-9B48-94CBF7606EB7}.Debug|x86.ActiveCfg = Debug|Win32
		{38E74B66-725D-4176-9B48-94CBF7606EB7}.Debug|x86.Build.0 = Debug|Win32
		{38E74B66-725D-4176-9B48-94CBF7606EB7}.Release|Any CPU.ActiveCfg = Release|Win32
		{38E74B66-725D-4176-9B48-94CBF7606EB7}.Release|x64.ActiveCfg = Release|Win32
		{38E74B66-725D-4176-9B48-94CBF7606EB7}.Release|x64.Build.0 = Release|Win32
		{38E74B66-725D-4176-9B48-94CBF7606EB7}.Release|x86.ActiveCfg = Release|Win32
		{38E74B66-725D-4176-9B48-94CBF7606EB7}.Release|x86.Build.0 = Release|Win32
		{A7831CDB-658F-40E4-8F84-0BAC56537DD4}.Debug|Any CPU.ActiveCfg = Debug|Win32
		{A7831CDB-658F-40E4-8F84-0BAC56537DD4}.Debug|x64.ActiveCfg = Debug|x64
		{A7831CDB-658F-40E4-8F84-0BAC56537DD4}.Debug|x64.Build.0 = Debug|x64
		{A7831CDB-658F-40E4-8F84-0BAC56537DD4}.Debug|x86.ActiveCfg = Debug|Win32
		{A7831CDB-658F-40E4-8F84-0BAC56537DD4}.Release|Any CPU.ActiveCfg = Release|Win32
		{A7831CDB-658F-40E4-8F84-0BAC56537DD4}.Release|x64.ActiveCfg = Release|x64
		{A7831CDB-658F-40E4-8F84-0BAC56537DD4}.Release|x64.Build.0 = Release|x64
		{A7831CDB-658F-40E4-8F84-0BAC56537DD4}.Release|x86.ActiveCfg = Release|Win32
		{8C6FB699-291B-4084-B095-B3F6C6C07FFF}.Debug|Any CPU.ActiveCfg = Debug|Win32
		{8C6FB699-291B-4084-B095-B3F6C6C07FFF}.Debug|x64.ActiveCfg = Debug|Win32
		{8C6FB699-291B-4084-B095-B3F6C6C07FFF}.Debug|x64.Build.0 = Debug|Win32
		{8C6FB699-291B-4084-B095-B3F6C6C07FFF}.Debug|x86.ActiveCfg = Debug|Win32
		{8C6FB699-291B-4084-B095-B3F6C6C07FFF}.Debug|x86.Build.0 = Debug|Win32
		{8C6FB699-291B-4084-B095-B3F6C6C07FFF}.Release|Any CPU.ActiveCfg = Release|Win32
		{8C6FB699-291B-4084-B095-B3F6C6C07FFF}.Release|x64.ActiveCfg = Release|Win32
		{8C6FB699-291B-4084-B095-B3F6C6C07FFF}.Release|x64.Build.0 = Release|Win32
		{8C6FB699-291B-4084-B095-B3F6C6C07FFF}.Release|x86.ActiveCfg = Release|Win32
		{8C6FB699-291B-4084-B095-B3F6C6C07FFF}.Release|x86.Build.0 = Release|Win32
		{2C96CC12-7DAF-42F2-9689-51181EFBA7A5}.Debug|Any CPU.ActiveCfg = Debug|Win32
		{2C96CC12-7DAF-42F2-9689-51181EFBA7A5}.Debug|x64.ActiveCfg = Debug|x64
		{2C96CC12-7DAF-42F2-9689-51181EFBA7A5}.Debug|x64.Build.0 = Debug|x64
		{2C96CC12-7DAF-42F2-9689-51181EFBA7A5}.Debug|x86.ActiveCfg = Debug|Win32
		{2C96CC12-7DAF-42F2-9689-51181EFBA7A5}.Release|Any CPU.ActiveCfg = Release|Win32
		{2C96CC12-7DAF-42F2-9689-51181EFBA7A5}.Release|x64.ActiveCfg = Release|x64
		{2C96CC12-7DAF-42F2-9689-51181EFBA7A5}.Release|x64.Build.0 = Release|x64
		{2C96CC12-7DAF-42F2-9689-51181EFBA7A5}.Release|x86.ActiveCfg = Release|Win32
		{FEADD64F-60B8-4A91-BF82-AA9ACB13AFCC}.Debug|Any CPU.ActiveCfg = Debug|Win32
		{FEADD64F-60B8-4A91-BF82-AA9ACB13AFCC}.Debug|x64.ActiveCfg = Debug|Win32
		{FEADD64F-60B8-4A91-BF82-AA9ACB13AFCC}.Debug|x64.Build.0 = Debug|Win32
		{FEADD64F-60B8-4A91-BF82-AA9ACB13AFCC}.Debug|x86.ActiveCfg = Debug|Win32
		{FEADD64F-60B8-4A91-BF82-AA9ACB13AFCC}.Debug|x86.Build.0 = Debug|Win32
		{FEADD64F-60B8-4A91-BF82-AA9ACB13AFCC}.Release|Any CPU.ActiveCfg = Release|Win32
		{FEADD64F-60B8-4A91-BF82-AA9ACB13AFCC}.Release|x64.ActiveCfg = Release|Win32
		{FEADD64F-60B8-4A91-BF82-AA9ACB13AFCC}.Release|x64.Build.0 = Release|Win32
		{FEADD64F-60B8-4A91-BF82-AA9ACB13AFCC}.Release|x86.ActiveCfg = Release|Win32
		{FEADD64F-60B8-4A91-BF82-AA9ACB13AFCC}.Release|x86.Build.0 = Release|Win32
		{8F914BB3-4B02-404E-B454-2B6FD868286A}.Debug|Any CPU.ActiveCfg = Debug|Win32
		{8F914BB3-4B02-404E-B454-2B6FD868286A}.Debug|x64.ActiveCfg = Debug|x64
		{8F914BB3-4B02-404E-B454-2B6FD868286A}.Debug|x64.Build.0 = Debug|x64
		{8F914BB3-4B02-404E-B454-2B6FD868286A}.Debug|x86.ActiveCfg = Debug|Win32
		{8F914BB3-4B02-404E-B454-2B6FD868286A}.Release|Any CPU.ActiveCfg = Release|Win32
		{8F914BB3-4B02-404E-B454-2B6FD868286A}.Release|x64.ActiveCfg = Release|x64
		{8F914BB3-4B02-404E-B454-2B6FD868286A}.Release|x64.Build.0 = Release|x64
		{8F914BB3-4B02-404E-B454-2B6FD868286A}.Release|x86.ActiveCfg = Release|Win32
		{48DB157F-1959-406B-9967-0188158AE2B1}.Debug|Any CPU.ActiveCfg = Debug|Any CPU
		{48DB157F-1959-406B-9967-0188158AE2B1}.Debug|x64.ActiveCfg = Debug|Any CPU
		{48DB157F-1959-406B-9967-0188158AE2B1}.Debug|x64.Build.0 = Debug|Any CPU
		{48DB157F-1959-406B-9967-0188158AE2B1}.Debug|x86.ActiveCfg = Debug|Any CPU
		{48DB157F-1959-406B-9967-0188158AE2B1}.Debug|x86.Build.0 = Debug|Any CPU
		{48DB157F-1959-406B-9967-0188158AE2B1}.Release|Any CPU.ActiveCfg = Release|Any CPU
		{48DB157F-1959-406B-9967-0188158AE2B1}.Release|x64.ActiveCfg = Release|Any CPU
		{48DB157F-1959-406B-9967-0188158AE2B1}.Release|x64.Build.0 = Release|Any CPU
		{48DB157F-1959-406B-9967-0188158AE2B1}.Release|x86.ActiveCfg = Release|Any CPU
		{48DB157F-1959-406B-9967-0188158AE2B1}.Release|x86.Build.0 = Release|Any CPU
	EndGlobalSection
	GlobalSection(SolutionProperties) = preSolution
		HideSolutionNode = FALSE
	EndGlobalSection
	GlobalSection(NestedProjects) = preSolution
		{38E74B66-725D-4176-9B48-94CBF7606EB7} = {0503305A-C9C0-4CCC-8C4D-B52C0FB54014}
		{A7831CDB-658F-40E4-8F84-0BAC56537DD4} = {0503305A-C9C0-4CCC-8C4D-B52C0FB54014}
		{8C6FB699-291B-4084-B095-B3F6C6C07FFF} = {01C91269-4A6A-40D2-A48B-D112B2441980}
		{2C96CC12-7DAF-42F2-9689-51181EFBA7A5} = {01C91269-4A6A-40D2-A48B-D112B2441980}
		{FEADD64F-60B8-4A91-BF82-AA9ACB13AFCC} = {50D2C258-C7D9-4D30-926D-B3E3AC94408C}
		{8F914BB3-4B02-404E-B454-2B6FD868286A} = {50D2C258-C7D9-4D30-926D-B3E3AC94408C}
	EndGlobalSection
EndGlobal
